
Microsoft Visual Studio Solution File, Format Version 12.00
# Visual Studio Version 17
VisualStudioVersion = 17.0.32112.339
MinimumVisualStudioVersion = 10.0.40219.1
Project("{9A19103F-16F7-4668-BE54-9A1E7A4F7556}") = "Common.Domain.Core", "Common.Domain.Core\Common.Domain.Core.csproj", "{4CAC6BEC-D436-4667-9CAA-463BD82AFC85}"
EndProject
Project("{2150E333-8FDC-42A3-9474-1A3956D46DE8}") = "Tests", "Tests", "{EC90F3F3-0970-4E47-940D-E1B648F4540A}"
EndProject
Project("{9A19103F-16F7-4668-BE54-9A1E7A4F7556}") = "Common.Infra.MQ", "Common.Infra.MQ\Common.Infra.MQ.csproj", "{06284D61-46C2-457B-9287-4059A5C71DF8}"
EndProject
Project("{9A19103F-16F7-4668-BE54-9A1E7A4F7556}") = "Common.Domain.UnitTests", "Tests\Common.Domain.Tests\Common.Domain.UnitTests.csproj", "{78B83EF1-208C-4690-BAA5-ABCC2F0774E0}"
EndProject
Project("{9A19103F-16F7-4668-BE54-9A1E7A4F7556}") = "Common.Infra.IntegrationTests", "Tests\Common.Infra.IntegrationTests\Common.Infra.IntegrationTests.csproj", "{7D9C93DD-A8A1-49A2-9834-BD6E07CD94FF}"
EndProject
Project("{9A19103F-16F7-4668-BE54-9A1E7A4F7556}") = "Common.Infra.MQ.UnitTests", "Tests\Common.Infra.MQ.Tests\Common.Infra.MQ.UnitTests.csproj", "{56289906-818F-4D55-84B5-8ECC66F91FE9}"
EndProject
Project("{9A19103F-16F7-4668-BE54-9A1E7A4F7556}") = "Common.Application.Core", "Common.Application.Core\Common.Application.Core.csproj", "{DBA15E07-55DE-444F-BE56-2C9C4842C36D}"
EndProject
Project("{9A19103F-16F7-4668-BE54-9A1E7A4F7556}") = "Common.Application.UnitTests", "Tests\Common.Application.UnitTests\Common.Application.UnitTests.csproj", "{634A41CA-FC31-434F-A92E-3255574E41F9}"
EndProject
Global
	GlobalSection(SolutionConfigurationPlatforms) = preSolution
		Debug|Any CPU = Debug|Any CPU
		Release|Any CPU = Release|Any CPU
	EndGlobalSection
	GlobalSection(ProjectConfigurationPlatforms) = postSolution
		{4CAC6BEC-D436-4667-9CAA-463BD82AFC85}.Debug|Any CPU.ActiveCfg = Debug|Any CPU
		{4CAC6BEC-D436-4667-9CAA-463BD82AFC85}.Debug|Any CPU.Build.0 = Debug|Any CPU
		{4CAC6BEC-D436-4667-9CAA-463BD82AFC85}.Release|Any CPU.ActiveCfg = Release|Any CPU
		{4CAC6BEC-D436-4667-9CAA-463BD82AFC85}.Release|Any CPU.Build.0 = Release|Any CPU
		{06284D61-46C2-457B-9287-4059A5C71DF8}.Debug|Any CPU.ActiveCfg = Debug|Any CPU
		{06284D61-46C2-457B-9287-4059A5C71DF8}.Debug|Any CPU.Build.0 = Debug|Any CPU
		{06284D61-46C2-457B-9287-4059A5C71DF8}.Release|Any CPU.ActiveCfg = Release|Any CPU
		{06284D61-46C2-457B-9287-4059A5C71DF8}.Release|Any CPU.Build.0 = Release|Any CPU
		{78B83EF1-208C-4690-BAA5-ABCC2F0774E0}.Debug|Any CPU.ActiveCfg = Debug|Any CPU
		{78B83EF1-208C-4690-BAA5-ABCC2F0774E0}.Debug|Any CPU.Build.0 = Debug|Any CPU
		{78B83EF1-208C-4690-BAA5-ABCC2F0774E0}.Release|Any CPU.ActiveCfg = Release|Any CPU
		{78B83EF1-208C-4690-BAA5-ABCC2F0774E0}.Release|Any CPU.Build.0 = Release|Any CPU
		{7D9C93DD-A8A1-49A2-9834-BD6E07CD94FF}.Debug|Any CPU.ActiveCfg = Debug|Any CPU
		{7D9C93DD-A8A1-49A2-9834-BD6E07CD94FF}.Debug|Any CPU.Build.0 = Debug|Any CPU
		{7D9C93DD-A8A1-49A2-9834-BD6E07CD94FF}.Release|Any CPU.ActiveCfg = Release|Any CPU
		{7D9C93DD-A8A1-49A2-9834-BD6E07CD94FF}.Release|Any CPU.Build.0 = Release|Any CPU
		{56289906-818F-4D55-84B5-8ECC66F91FE9}.Debug|Any CPU.ActiveCfg = Debug|Any CPU
		{56289906-818F-4D55-84B5-8ECC66F91FE9}.Debug|Any CPU.Build.0 = Debug|Any CPU
		{56289906-818F-4D55-84B5-8ECC66F91FE9}.Release|Any CPU.ActiveCfg = Release|Any CPU
		{56289906-818F-4D55-84B5-8ECC66F91FE9}.Release|Any CPU.Build.0 = Release|Any CPU
		{DBA15E07-55DE-444F-BE56-2C9C4842C36D}.Debug|Any CPU.ActiveCfg = Debug|Any CPU
		{DBA15E07-55DE-444F-BE56-2C9C4842C36D}.Debug|Any CPU.Build.0 = Debug|Any CPU
		{DBA15E07-55DE-444F-BE56-2C9C4842C36D}.Release|Any CPU.ActiveCfg = Release|Any CPU
		{DBA15E07-55DE-444F-BE56-2C9C4842C36D}.Release|Any CPU.Build.0 = Release|Any CPU
		{634A41CA-FC31-434F-A92E-3255574E41F9}.Debug|Any CPU.ActiveCfg = Debug|Any CPU
		{634A41CA-FC31-434F-A92E-3255574E41F9}.Debug|Any CPU.Build.0 = Debug|Any CPU
		{634A41CA-FC31-434F-A92E-3255574E41F9}.Release|Any CPU.ActiveCfg = Release|Any CPU
		{634A41CA-FC31-434F-A92E-3255574E41F9}.Release|Any CPU.Build.0 = Release|Any CPU
	EndGlobalSection
	GlobalSection(SolutionProperties) = preSolution
		HideSolutionNode = FALSE
	EndGlobalSection
	GlobalSection(NestedProjects) = preSolution
		{78B83EF1-208C-4690-BAA5-ABCC2F0774E0} = {EC90F3F3-0970-4E47-940D-E1B648F4540A}
		{7D9C93DD-A8A1-49A2-9834-BD6E07CD94FF} = {EC90F3F3-0970-4E47-940D-E1B648F4540A}
		{56289906-818F-4D55-84B5-8ECC66F91FE9} = {EC90F3F3-0970-4E47-940D-E1B648F4540A}
		{634A41CA-FC31-434F-A92E-3255574E41F9} = {EC90F3F3-0970-4E47-940D-E1B648F4540A}
	EndGlobalSection
	GlobalSection(ExtensibilityGlobals) = postSolution
		SolutionGuid = {E649EE29-2815-406D-88CF-1A5DC8E593E5}
	EndGlobalSection
EndGlobal
