
Microsoft Visual Studio Solution File, Format Version 12.00
# Visual Studio Version 17
VisualStudioVersion = 17.0.32112.339
MinimumVisualStudioVersion = 10.0.40219.1
Project("{9A19103F-16F7-4668-BE54-9A1E7A4F7556}") = "Common.Domain.Core", "Common.Domain.Core\Common.Domain.Core.csproj", "{4CAC6BEC-D436-4667-9CAA-463BD82AFC85}"
EndProject
Project("{2150E333-8FDC-42A3-9474-1A3956D46DE8}") = "Tests", "Tests", "{EC90F3F3-0970-4E47-940D-E1B648F4540A}"
EndProject
Project("{9A19103F-16F7-4668-BE54-9A1E7A4F7556}") = "Common.Domain.Tests", "Common.Domain.Tests\Common.Domain.Tests.csproj", "{872D5FC2-0B0D-4A9C-ADF2-4086678F7AEA}"
EndProject
Project("{FAE04EC0-301F-11D3-BF4B-00C04F79EFBC}") = "Common.Infra.MQ", "Common.Infra.MQ\Common.Infra.MQ.csproj", "{06284D61-46C2-457B-9287-4059A5C71DF8}"
EndProject
Global
	GlobalSection(SolutionConfigurationPlatforms) = preSolution
		Debug|Any CPU = Debug|Any CPU
		Release|Any CPU = Release|Any CPU
	EndGlobalSection
	GlobalSection(ProjectConfigurationPlatforms) = postSolution
		{4CAC6BEC-D436-4667-9CAA-463BD82AFC85}.Debug|Any CPU.ActiveCfg = Debug|Any CPU
		{4CAC6BEC-D436-4667-9CAA-463BD82AFC85}.Debug|Any CPU.Build.0 = Debug|Any CPU
		{4CAC6BEC-D436-4667-9CAA-463BD82AFC85}.Release|Any CPU.ActiveCfg = Release|Any CPU
		{4CAC6BEC-D436-4667-9CAA-463BD82AFC85}.Release|Any CPU.Build.0 = Release|Any CPU
		{872D5FC2-0B0D-4A9C-ADF2-4086678F7AEA}.Debug|Any CPU.ActiveCfg = Debug|Any CPU
		{872D5FC2-0B0D-4A9C-ADF2-4086678F7AEA}.Debug|Any CPU.Build.0 = Debug|Any CPU
		{872D5FC2-0B0D-4A9C-ADF2-4086678F7AEA}.Release|Any CPU.ActiveCfg = Release|Any CPU
		{872D5FC2-0B0D-4A9C-ADF2-4086678F7AEA}.Release|Any CPU.Build.0 = Release|Any CPU
		{06284D61-46C2-457B-9287-4059A5C71DF8}.Debug|Any CPU.ActiveCfg = Debug|Any CPU
		{06284D61-46C2-457B-9287-4059A5C71DF8}.Debug|Any CPU.Build.0 = Debug|Any CPU
		{06284D61-46C2-457B-9287-4059A5C71DF8}.Release|Any CPU.ActiveCfg = Release|Any CPU
		{06284D61-46C2-457B-9287-4059A5C71DF8}.Release|Any CPU.Build.0 = Release|Any CPU
	EndGlobalSection
	GlobalSection(SolutionProperties) = preSolution
		HideSolutionNode = FALSE
	EndGlobalSection
	GlobalSection(NestedProjects) = preSolution
		{872D5FC2-0B0D-4A9C-ADF2-4086678F7AEA} = {EC90F3F3-0970-4E47-940D-E1B648F4540A}
	EndGlobalSection
	GlobalSection(ExtensibilityGlobals) = postSolution
		SolutionGuid = {E649EE29-2815-406D-88CF-1A5DC8E593E5}
	EndGlobalSection
EndGlobal
